
Microsoft Visual Studio Solution File, Format Version 12.00
# Visual Studio Version 17
VisualStudioVersion = 17.14.36109.1 d17.14
MinimumVisualStudioVersion = 10.0.40219.1
Project("{FAE04EC0-301F-11D3-BF4B-00C04F79EFBC}") = "Project.Api", "Project.Api\Project.Api.csproj", "{EA68F07E-B884-406F-BEB6-F5694BE69D7A}"
EndProject
Project("{FAE04EC0-301F-11D3-BF4B-00C04F79EFBC}") = "Project.Data", "Project.Data\Project.Data.csproj", "{A255E8DE-FC06-4D83-A91B-B7C8880ED5BA}"
EndProject
Project("{FAE04EC0-301F-11D3-BF4B-00C04F79EFBC}") = "Project.Core", "Project.Core\Project.Core.csproj", "{0918D3A5-6D0D-40F7-B409-9AEB15E2A335}"
EndProject
Project("{FAE04EC0-301F-11D3-BF4B-00C04F79EFBC}") = "Project.EF", "Project.EF\Project.EF.csproj", "{55EA5DB1-1913-4540-B74F-7EACD8E8F941}"
EndProject
Project("{FAE04EC0-301F-11D3-BF4B-00C04F79EFBC}") = "Project.Service", "Project.Service\Project.Service.csproj", "{4B32D6BD-2478-4397-856E-98B612A46C6D}"
EndProject
Global
	GlobalSection(SolutionConfigurationPlatforms) = preSolution
		Debug|Any CPU = Debug|Any CPU
		Release|Any CPU = Release|Any CPU
	EndGlobalSection
	GlobalSection(ProjectConfigurationPlatforms) = postSolution
		{EA68F07E-B884-406F-BEB6-F5694BE69D7A}.Debug|Any CPU.ActiveCfg = Debug|Any CPU
		{EA68F07E-B884-406F-BEB6-F5694BE69D7A}.Debug|Any CPU.Build.0 = Debug|Any CPU
		{EA68F07E-B884-406F-BEB6-F5694BE69D7A}.Release|Any CPU.ActiveCfg = Release|Any CPU
		{EA68F07E-B884-406F-BEB6-F5694BE69D7A}.Release|Any CPU.Build.0 = Release|Any CPU
		{A255E8DE-FC06-4D83-A91B-B7C8880ED5BA}.Debug|Any CPU.ActiveCfg = Debug|Any CPU
		{A255E8DE-FC06-4D83-A91B-B7C8880ED5BA}.Debug|Any CPU.Build.0 = Debug|Any CPU
		{A255E8DE-FC06-4D83-A91B-B7C8880ED5BA}.Release|Any CPU.ActiveCfg = Release|Any CPU
		{A255E8DE-FC06-4D83-A91B-B7C8880ED5BA}.Release|Any CPU.Build.0 = Release|Any CPU
		{0918D3A5-6D0D-40F7-B409-9AEB15E2A335}.Debug|Any CPU.ActiveCfg = Debug|Any CPU
		{0918D3A5-6D0D-40F7-B409-9AEB15E2A335}.Debug|Any CPU.Build.0 = Debug|Any CPU
		{0918D3A5-6D0D-40F7-B409-9AEB15E2A335}.Release|Any CPU.ActiveCfg = Release|Any CPU
		{0918D3A5-6D0D-40F7-B409-9AEB15E2A335}.Release|Any CPU.Build.0 = Release|Any CPU
		{55EA5DB1-1913-4540-B74F-7EACD8E8F941}.Debug|Any CPU.ActiveCfg = Debug|Any CPU
		{55EA5DB1-1913-4540-B74F-7EACD8E8F941}.Debug|Any CPU.Build.0 = Debug|Any CPU
		{55EA5DB1-1913-4540-B74F-7EACD8E8F941}.Release|Any CPU.ActiveCfg = Release|Any CPU
		{55EA5DB1-1913-4540-B74F-7EACD8E8F941}.Release|Any CPU.Build.0 = Release|Any CPU
		{4B32D6BD-2478-4397-856E-98B612A46C6D}.Debug|Any CPU.ActiveCfg = Debug|Any CPU
		{4B32D6BD-2478-4397-856E-98B612A46C6D}.Debug|Any CPU.Build.0 = Debug|Any CPU
		{4B32D6BD-2478-4397-856E-98B612A46C6D}.Release|Any CPU.ActiveCfg = Release|Any CPU
		{4B32D6BD-2478-4397-856E-98B612A46C6D}.Release|Any CPU.Build.0 = Release|Any CPU
	EndGlobalSection
	GlobalSection(SolutionProperties) = preSolution
		HideSolutionNode = FALSE
	EndGlobalSection
	GlobalSection(ExtensibilityGlobals) = postSolution
		SolutionGuid = {946A5039-21F2-4D82-853E-CDF082326466}
	EndGlobalSection
EndGlobal
